
Microsoft Visual Studio Solution File, Format Version 12.00
# Visual Studio Version 16
VisualStudioVersion = 16.0.30717.126
MinimumVisualStudioVersion = 10.0.40219.1
Project("{FAE04EC0-301F-11D3-BF4B-00C04F79EFBC}") = "ClassMetotDemo", "ClassMetotDemo\ClassMetotDemo.csproj", "{175C497A-C942-4FF2-BFDD-416ECAFEA531}"
EndProject
Global
	GlobalSection(SolutionConfigurationPlatforms) = preSolution
		Debug|Any CPU = Debug|Any CPU
		Release|Any CPU = Release|Any CPU
	EndGlobalSection
	GlobalSection(ProjectConfigurationPlatforms) = postSolution
		{175C497A-C942-4FF2-BFDD-416ECAFEA531}.Debug|Any CPU.ActiveCfg = Debug|Any CPU
		{175C497A-C942-4FF2-BFDD-416ECAFEA531}.Debug|Any CPU.Build.0 = Debug|Any CPU
		{175C497A-C942-4FF2-BFDD-416ECAFEA531}.Release|Any CPU.ActiveCfg = Release|Any CPU
		{175C497A-C942-4FF2-BFDD-416ECAFEA531}.Release|Any CPU.Build.0 = Release|Any CPU
	EndGlobalSection
	GlobalSection(SolutionProperties) = preSolution
		HideSolutionNode = FALSE
	EndGlobalSection
	GlobalSection(ExtensibilityGlobals) = postSolution
		SolutionGuid = {7747A203-2CE7-4CBD-911F-3E20025455AB}
	EndGlobalSection
EndGlobal
